lockfileVersion: '9.0'

settings:
  autoInstallPeers: true
  excludeLinksFromLockfile: false

importers:

  .:
    dependencies:
      bun:
        specifier: ^1.1.13
        version: 1.2.19
      typescript:
        specifier: ^5.0.0
        version: 5.8.3
    devDependencies:
      '@types/bun':
        specifier: latest
        version: 1.2.19(@types/react@19.1.8)
      '@vercel/blob':
        specifier: ^0.23.3
        version: 0.23.4

packages:

  '@fastify/busboy@2.1.1':
    resolution: {integrity: sha512-vBZP4NlzfOlerQTnba4aqZoMhE/a9HY7HRqoOPaETQcSQuWEIyZMHGfVu6w9wGtGK5fED5qRs2DteVCjOH60sA==}
    engines: {node: '>=14'}

  '@oven/bun-darwin-aarch64@1.2.19':
    resolution: {integrity: sha512-pJBuez9gwR03Wjtk4hSSBA6QgNdhvPLbrxU4DDzVY8Ee+Q67xNkU0CMK6rFdQF8Qetj2R+Vf8AJDlwAc1QdG1w==}
    cpu: [arm64]
    os: [darwin]

  '@oven/bun-darwin-x64-baseline@1.2.19':
    resolution: {integrity: sha512-fOqbLeP3MoSbeosykTp1+BYSKDJxdjWKyxbPqHTJK2Mnt78+LPTE2yQbCzUL5LBLSRVkIxbTyIcEZxVg3eJmYg==}
    cpu: [x64]
    os: [darwin]

  '@oven/bun-darwin-x64@1.2.19':
    resolution: {integrity: sha512-dsgmgDOG++JsQ3wXEyTiUzhT/4wqcnAxfCQOPho6LgosVUPs6etn01uA1yCySjSk8DrugQIivXB2TaqoOrhKJg==}
    cpu: [x64]
    os: [darwin]

  '@oven/bun-linux-aarch64-musl@1.2.19':
    resolution: {integrity: sha512-awB1ZEh7AbxXGemT/d33F6F4bwClWSFjhcatrweG5o5gh16c4pBKTldg/TUY9EEFrQJVyYQklgl/D919GDLTFA==}
    cpu: [aarch64]
    os: [linux]

  '@oven/bun-linux-aarch64@1.2.19':
    resolution: {integrity: sha512-G4WYbvpfrR5dLBZQoNmYzt8DBguMpPeCz6feU3Qv9E6NmA3xiqyItyDAVgDJrllPk6hvbMi9dYNxXn0NVTjMfw==}
    cpu: [arm64]
    os: [linux]

  '@oven/bun-linux-x64-baseline@1.2.19':
    resolution: {integrity: sha512-gMp1J9fZ1eOrCM0jQblCWRMiU9t3a+wyyHtb0DdHVZpgSdGJ5UpWATfTYFUbmckgVfCJ6Qo8YSMcmtxRtPYgww==}
    cpu: [x64]
    os: [linux]

  '@oven/bun-linux-x64-musl-baseline@1.2.19':
    resolution: {integrity: sha512-9NkUMndXwSyDiDOwCtYoxdXIqg+f30dVm0FwZOUJp8SSuhx8Vaadc5gzzC+A8cGie/IwVchWzJw+mWLStAM8HQ==}
    cpu: [x64]
    os: [linux]

  '@oven/bun-linux-x64-musl@1.2.19':
    resolution: {integrity: sha512-nUBP55pR8hpAZ9omKxkX1SmyEPcTL/ZMgnirC3BdFAec99uqijq8XEWWfSDAmpI8D428vjIhbafArmbutRR1VQ==}
    cpu: [x64]
    os: [linux]

  '@oven/bun-linux-x64@1.2.19':
    resolution: {integrity: sha512-vGhkEtcaPQjizoVAo+1hsVTixarOWxVgwbYZHgoi/pGGIdWWBGNlWnIUQirOv8JVtCMnzkYqrPMHR3EqSvQoFg==}
    cpu: [x64]
    os: [linux]

  '@oven/bun-windows-x64-baseline@1.2.19':
    resolution: {integrity: sha512-OiD1xoVQuj8JHbrDqCQE3sU5r8VIaB9cCDym7BTnnMQLYzZxYEWWvBub8fc/yK7ctuoAS6V+p74Qda6RhDRHpg==}
    cpu: [x64]
    os: [win32]

  '@oven/bun-windows-x64@1.2.19':
    resolution: {integrity: sha512-5OIPUl8fKT/tpxX6pOJUfoAR32k9YdmXbte0zwahIVhyjCyFh0HKQHbfSeJZYV2AzVWbnELszDLRRLnzVbzYSQ==}
    cpu: [x64]
    os: [win32]

  '@types/bun@1.2.19':
    resolution: {integrity: sha512-d9ZCmrH3CJ2uYKXQIUuZ/pUnTqIvLDS0SK7pFmbx8ma+ziH/FRMoAq5bYpRG7y+w1gl+HgyNZbtqgMq4W4e2Lg==}

  '@types/node@24.1.0':
    resolution: {integrity: sha512-ut5FthK5moxFKH2T1CUOC6ctR67rQRvvHdFLCD2Ql6KXmMuCrjsSsRI9UsLCm9M18BMwClv4pn327UvB7eeO1w==}

  '@types/react@19.1.8':
    resolution: {integrity: sha512-AwAfQ2Wa5bCx9WP8nZL2uMZWod7J7/JSplxbTmBQ5ms6QpqNYm672H0Vu9ZVKVngQ+ii4R/byguVEUZQyeg44g==}

  '@vercel/blob@0.23.4':
    resolution: {integrity: sha512-cOU2e01RWZXFyc/OVRq+zZg38m34bcxpQk5insKp3Td9akNWThrXiF2URFHpRlm4fbaQ/l7pPSOB5nkLq+t6pw==}
    engines: {node: '>=16.14'}

  async-retry@1.3.3:
    resolution: {integrity: sha512-wfr/jstw9xNi/0teMHrRW7dsz3Lt5ARhYNZ2ewpadnhaIp5mbALhOAP+EAdsC7t4Z6wqsDVv9+W6gm1Dk9mEyw==}

  bun-types@1.2.19:
    resolution: {integrity: sha512-uAOTaZSPuYsWIXRpj7o56Let0g/wjihKCkeRqUBhlLVM/Bt+Fj9xTo+LhC1OV1XDaGkz4hNC80et5xgy+9KTHQ==}
    peerDependencies:
      '@types/react': ^19

  bun@1.2.19:
    resolution: {integrity: sha512-P70KUfH9cvgcl8Hjvamr98NinEatV23yX6qaY7z1+3rBPdds0oVX0u6FfrYnWc8F3ayFQ4do6/6xBLWY4itJkQ==}
    cpu: [arm64, x64, aarch64]
    os: [darwin, linux, win32]
    hasBin: true

  bytes@3.1.2:
    resolution: {integrity: sha512-/Nf7TyzTx6S3yRJObOAV7956r8cr2+Oj8AC5dt8wSP3BQAoeX58NoHyCU8P8zGkNXStjTSi6fzO6F0pBdcYbEg==}
    engines: {node: '>= 0.8'}

  csstype@3.1.3:
    resolution: {integrity: sha512-M1uQkMl8rQK/szD0LNhtqxIPLpimGm8sOBwU7lLnCpSbTyY3yeU1Vc7l4KT5zT4s/yOxHH5O7tIuuLOCnLADRw==}

  is-buffer@2.0.5:
    resolution: {integrity: sha512-i2R6zNFDwgEHJyQUtJEk0XFi1i0dPFn/oqjK3/vPCcDeJvW5NQ83V8QbicfF1SupOaB0h8ntgBC2YiE7dfyctQ==}
    engines: {node: '>=4'}

  is-plain-object@5.0.0:
    resolution: {integrity: sha512-VRSzKkbMm5jMDoKLbltAkFQ5Qr7VDiTFGXxYFXXowVj387GeGNOCsOH6Msy00SGZ3Fp84b1Naa1psqgcCIEP5Q==}
    engines: {node: '>=0.10.0'}

  retry@0.13.1:
    resolution: {integrity: sha512-XQBQ3I8W1Cge0Seh+6gjj03LbmRFWuoszgK9ooCpwYIrhhoO80pfq4cUkU5DkknwfOfFteRwlZ56PYOGYyFWdg==}
    engines: {node: '>= 4'}

  typescript@5.8.3:
    resolution: {integrity: sha512-p1diW6TqL9L07nNxvRMM7hMMw4c5XOo/1ibL4aAIGmSAt9slTE1Xgw5KWuof2uTOvCg9BY7ZRi+GaF+7sfgPeQ==}
    engines: {node: '>=14.17'}
    hasBin: true

  undici-types@7.8.0:
    resolution: {integrity: sha512-9UJ2xGDvQ43tYyVMpuHlsgApydB8ZKfVYTsLDhXkFL/6gfkp+U8xTGdh8pMJv1SpZna0zxG1DwsKZsreLbXBxw==}

  undici@5.29.0:
    resolution: {integrity: sha512-raqeBD6NQK4SkWhQzeYKd1KmIG6dllBOTt55Rmkt4HtI9mwdWtJljnrXjAFUBLTSN67HWrOIZ3EPF4kjUw80Bg==}
    engines: {node: '>=14.0'}

snapshots:

  '@fastify/busboy@2.1.1': {}

  '@oven/bun-darwin-aarch64@1.2.19':
    optional: true

  '@oven/bun-darwin-x64-baseline@1.2.19':
    optional: true

  '@oven/bun-darwin-x64@1.2.19':
    optional: true

  '@oven/bun-linux-aarch64-musl@1.2.19':
    optional: true

  '@oven/bun-linux-aarch64@1.2.19':
    optional: true

  '@oven/bun-linux-x64-baseline@1.2.19':
    optional: true

  '@oven/bun-linux-x64-musl-baseline@1.2.19':
    optional: true

  '@oven/bun-linux-x64-musl@1.2.19':
    optional: true

  '@oven/bun-linux-x64@1.2.19':
    optional: true

  '@oven/bun-windows-x64-baseline@1.2.19':
    optional: true

  '@oven/bun-windows-x64@1.2.19':
    optional: true

  '@types/bun@1.2.19(@types/react@19.1.8)':
    dependencies:
      bun-types: 1.2.19(@types/react@19.1.8)
    transitivePeerDependencies:
      - '@types/react'

  '@types/node@24.1.0':
    dependencies:
      undici-types: 7.8.0

  '@types/react@19.1.8':
    dependencies:
      csstype: 3.1.3

  '@vercel/blob@0.23.4':
    dependencies:
      async-retry: 1.3.3
      bytes: 3.1.2
      is-buffer: 2.0.5
      is-plain-object: 5.0.0
      undici: 5.29.0

  async-retry@1.3.3:
    dependencies:
      retry: 0.13.1

  bun-types@1.2.19(@types/react@19.1.8):
    dependencies:
      '@types/node': 24.1.0
      '@types/react': 19.1.8

  bun@1.2.19:
    optionalDependencies:
      '@oven/bun-darwin-aarch64': 1.2.19
      '@oven/bun-darwin-x64': 1.2.19
      '@oven/bun-darwin-x64-baseline': 1.2.19
      '@oven/bun-linux-aarch64': 1.2.19
      '@oven/bun-linux-aarch64-musl': 1.2.19
      '@oven/bun-linux-x64': 1.2.19
      '@oven/bun-linux-x64-baseline': 1.2.19
      '@oven/bun-linux-x64-musl': 1.2.19
      '@oven/bun-linux-x64-musl-baseline': 1.2.19
      '@oven/bun-windows-x64': 1.2.19
      '@oven/bun-windows-x64-baseline': 1.2.19

  bytes@3.1.2: {}

  csstype@3.1.3: {}

  is-buffer@2.0.5: {}

  is-plain-object@5.0.0: {}

  retry@0.13.1: {}

  typescript@5.8.3: {}

  undici-types@7.8.0: {}

  undici@5.29.0:
    dependencies:
      '@fastify/busboy': 2.1.1
